
Microsoft Visual Studio Solution File, Format Version 12.00
# Visual Studio Version 17
VisualStudioVersion = 17.2.32602.215
MinimumVisualStudioVersion = 10.0.40219.1
Project("{FAE04EC0-301F-11D3-BF4B-00C04F79EFBC}") = "YopMailGenerator", "YopMailGenerator.csproj", "{2C966099-EE6E-4A31-84CF-2E708F7FBFFF}"
EndProject
Global
	GlobalSection(SolutionConfigurationPlatforms) = preSolution
		Debug|Any CPU = Debug|Any CPU
		Release|Any CPU = Release|Any CPU
	EndGlobalSection
	GlobalSection(ProjectConfigurationPlatforms) = postSolution
		{2C966099-EE6E-4A31-84CF-2E708F7FBFFF}.Debug|Any CPU.ActiveCfg = Debug|Any CPU
		{2C966099-EE6E-4A31-84CF-2E708F7FBFFF}.Debug|Any CPU.Build.0 = Debug|Any CPU
		{2C966099-EE6E-4A31-84CF-2E708F7FBFFF}.Release|Any CPU.ActiveCfg = Release|Any CPU
		{2C966099-EE6E-4A31-84CF-2E708F7FBFFF}.Release|Any CPU.Build.0 = Release|Any CPU
	EndGlobalSection
	GlobalSection(SolutionProperties) = preSolution
		HideSolutionNode = FALSE
	EndGlobalSection
	GlobalSection(ExtensibilityGlobals) = postSolution
		SolutionGuid = {705F7791-FBFA-477A-8915-0A2F98D3560E}
	EndGlobalSection
EndGlobal
